
Microsoft Visual Studio Solution File, Format Version 12.00
# Visual Studio Version 16
VisualStudioVersion = 16.0.30503.244
MinimumVisualStudioVersion = 10.0.40219.1
Project("{FAE04EC0-301F-11D3-BF4B-00C04F79EFBC}") = "FlyweightApp", "FlyweightApp\FlyweightApp.csproj", "{8ACCA1E3-0AF4-4BBB-936D-CA3ED7154F2C}"
EndProject
Global
	GlobalSection(SolutionConfigurationPlatforms) = preSolution
		Debug|Any CPU = Debug|Any CPU
		Release|Any CPU = Release|Any CPU
	EndGlobalSection
	GlobalSection(ProjectConfigurationPlatforms) = postSolution
		{8ACCA1E3-0AF4-4BBB-936D-CA3ED7154F2C}.Debug|Any CPU.ActiveCfg = Debug|Any CPU
		{8ACCA1E3-0AF4-4BBB-936D-CA3ED7154F2C}.Debug|Any CPU.Build.0 = Debug|Any CPU
		{8ACCA1E3-0AF4-4BBB-936D-CA3ED7154F2C}.Release|Any CPU.ActiveCfg = Release|Any CPU
		{8ACCA1E3-0AF4-4BBB-936D-CA3ED7154F2C}.Release|Any CPU.Build.0 = Release|Any CPU
	EndGlobalSection
	GlobalSection(SolutionProperties) = preSolution
		HideSolutionNode = FALSE
	EndGlobalSection
	GlobalSection(ExtensibilityGlobals) = postSolution
		SolutionGuid = {454DB878-F617-4F07-81EE-10019EA34AEB}
	EndGlobalSection
EndGlobal
